github.com/aslemen/hugo-etch v0.0.0-20200630065645-5aaf85b2cf1d h1:Ak0m7nMRhNHak+2hclf2vNx0xCIDahbQXBOK1OSkdOo=
github.com/aslemen/hugo-etch v0.0.0-20200630065645-5aaf85b2cf1d/go.mod h1:EuTRtWBsOxKxmeu2RvEOL6kEwU6cGPc4TeiolfQMR+w=
github.com/aslemen/hugo-etch v0.0.0-20200716124643-5043a47cfc49 h1:DJRoxkbuoioQPYWmIkrKXLyg5rHp2xqgw8hWGcrG9SE=
github.com/aslemen/hugo-etch v0.0.0-20200716124643-5043a47cfc49/go.mod h1:EuTRtWBsOxKxmeu2RvEOL6kEwU6cGPc4TeiolfQMR+w=
github.com/aslemen/hugo-etch v0.0.0-20200716125025-2fcf5597dda1 h1:/beuC1BurJwL5p+sPsO7LtQ3+VF42Qw4Laov+pf90yY=
github.com/aslemen/hugo-etch v0.0.0-20200716125025-2fcf5597dda1/go.mod h1:EuTRtWBsOxKxmeu2RvEOL6kEwU6cGPc4TeiolfQMR+w=
